
Microsoft Visual Studio Solution File, Format Version 12.00
# Visual Studio Version 16
VisualStudioVersion = 16.0.29324.140
MinimumVisualStudioVersion = 10.0.40219.1
Project("{FAE04EC0-301F-11D3-BF4B-00C04F79EFBC}") = "TallerASP.NET", "TallerASP.NET.csproj", "{54647928-480D-414E-B706-5CEB337142AC}"
EndProject
Global
	GlobalSection(SolutionConfigurationPlatforms) = preSolution
		Debug|Any CPU = Debug|Any CPU
		Release|Any CPU = Release|Any CPU
	EndGlobalSection
	GlobalSection(ProjectConfigurationPlatforms) = postSolution
		{54647928-480D-414E-B706-5CEB337142AC}.Debug|Any CPU.ActiveCfg = Debug|Any CPU
		{54647928-480D-414E-B706-5CEB337142AC}.Debug|Any CPU.Build.0 = Debug|Any CPU
		{54647928-480D-414E-B706-5CEB337142AC}.Release|Any CPU.ActiveCfg = Release|Any CPU
		{54647928-480D-414E-B706-5CEB337142AC}.Release|Any CPU.Build.0 = Release|Any CPU
	EndGlobalSection
	GlobalSection(SolutionProperties) = preSolution
		HideSolutionNode = FALSE
	EndGlobalSection
	GlobalSection(ExtensibilityGlobals) = postSolution
		SolutionGuid = {E10972B0-BF5B-454C-BE57-88EB68146C48}
	EndGlobalSection
EndGlobal
